<?xml version="1.0" encoding="UTF-8" standalone="yes" ?>
<CodeBlocks_project_file>
	<FileVersion major="1" minor="6" />
	<Project>
		<Option title="OpenGL-Terrain" />
		<Option pch_mode="2" />
		<Option compiler="gcc" />
		<Build>
			<Target title="Debug">
				<Option output="bin/Debug/OpenGL-Terrain" prefix_auto="1" extension_auto="1" />
				<Option object_output="obj/Debug/" />
				<Option type="1" />
				<Option compiler="gcc" />
				<Compiler>
					<Add option="-g" />
				</Compiler>
			</Target>
			<Target title="Release">
				<Option output="bin/Release/PlayinAround" prefix_auto="1" extension_auto="1" />
				<Option object_output="obj/Release/" />
				<Option type="1" />
				<Option compiler="gcc" />
				<Compiler>
					<Add option="-O3" />
				</Compiler>
				<Linker>
					<Add option="-s" />
				</Linker>
			</Target>
		</Build>
		<Compiler>
			<Add option="-std=c++11" />
			<Add option="-Wall" />
			<Add option="-fexceptions" />
		</Compiler>
		<Linker>
			<Add library="glfw3" />
			<Add library="easybmp" />
			<Add library="GLEW" />
			<Add library="GLU" />
			<Add library="GL" />
			<Add library="X11" />
			<Add library="Xrandr" />
			<Add library="Xxf86vm" />
			<Add library="pthread" />
			<Add library="dl" />
			<Add library="Xinerama" />
			<Add library="Xcursor" />
			<Add library="Xi" />
		</Linker>
		<Unit filename="async_noise.cpp" />
		<Unit filename="async_noise.h" />
		<Unit filename="erosion_simulator.cpp" />
		<Unit filename="erosion_simulator.h" />
		<Unit filename="main.cpp" />
		<Unit filename="noise.cpp" />
		<Unit filename="noise.h" />
		<Unit filename="shader.fs.glsl" />
		<Unit filename="shader.vs.glsl" />
		<Extensions>
			<code_completion />
			<envvars />
			<debugger />
		</Extensions>
	</Project>
</CodeBlocks_project_file>
